<?xml version="1.0" encoding="utf-8"?>
<Project ToolsVersion="4.0" xmlns="http://schemas.microsoft.com/developer/msbuild/2003">
  <ItemGroup>
    <Filter Include="Quelldateien">
      <UniqueIdentifier>{4FC737F1-C7A5-4376-A066-2A32D752A2FF}</UniqueIdentifier>
      <Extensions>cpp;c;cc;cxx;def;odl;idl;hpj;bat;asm;asmx</Extensions>
    </Filter>
    <Filter Include="Headerdateien">
      <UniqueIdentifier>{93995380-89BD-4b04-88EB-625FBE52EBFB}</UniqueIdentifier>
      <Extensions>h;hh;hpp;hxx;hm;inl;inc;xsd</Extensions>
    </Filter>
    <Filter Include="Ressourcendateien">
      <UniqueIdentifier>{67DA6AB6-F800-4c08-8B7A-83BB121AAD01}</UniqueIdentifier>
      <Extensions>rc;ico;cur;bmp;dlg;rc2;rct;bin;rgs;gif;jpg;jpeg;jpe;resx;tiff;tif;png;wav;mfcribbon-ms</Extensions>
    </Filter>
  </ItemGroup>
  <ItemGroup>
    <ClCompile Include="main.cpp">
      <Filter>Quelldateien</Filter>
    </ClCompile>
    <ClCompile Include="Renderer.cpp">
      <Filter>Quelldateien</Filter>
    </ClCompile>
    <ClCompile Include="globals.cpp">
      <Filter>Quelldateien</Filter>
    </ClCompile>
    <ClCompile Include="shaders\LoadShaderProg.cpp">
      <Filter>Quelldateien</Filter>
    </ClCompile>
    <ClCompile Include="Camera.cpp">
      <Filter>Quelldateien</Filter>
    </ClCompile>
    <ClCompile Include="GameShaderProg.cpp">
      <Filter>Quelldateien</Filter>
    </ClCompile>
    <ClCompile Include="Terain.cpp">
      <Filter>Quelldateien</Filter>
    </ClCompile>
    <ClCompile Include="Loader.cpp">
      <Filter>Quelldateien</Filter>
    </ClCompile>
    <ClCompile Include="ColoredModle.cpp">
      <Filter>Quelldateien</Filter>
    </ClCompile>
    <ClCompile Include="Plain.cpp">
      <Filter>Quelldateien</Filter>
    </ClCompile>
    <ClCompile Include="Planet.cpp">
      <Filter>Quelldateien</Filter>
    </ClCompile>
    <ClCompile Include="Sphere.cpp">
      <Filter>Quelldateien</Filter>
    </ClCompile>
    <ClCompile Include="PlaneteBuffer.cpp">
      <Filter>Quelldateien</Filter>
    </ClCompile>
    <ClCompile Include="LinearBars.cpp">
      <Filter>Quelldateien</Filter>
    </ClCompile>
    <ClCompile Include="txt.cpp">
      <Filter>Quelldateien</Filter>
    </ClCompile>
    <ClCompile Include="TexturedModle.cpp">
      <Filter>Quelldateien</Filter>
    </ClCompile>
    <ClCompile Include="RotatableCamera.cpp">
      <Filter>Quelldateien</Filter>
    </ClCompile>
    <ClCompile Include="FrameBufferQuad.cpp">
      <Filter>Quelldateien</Filter>
    </ClCompile>
    <ClCompile Include="TexturedQuad.cpp">
      <Filter>Quelldateien</Filter>
    </ClCompile>
    <ClCompile Include="FrameBuffer.cpp">
      <Filter>Quelldateien</Filter>
    </ClCompile>
    <ClCompile Include="OnPlaneteCamera.cpp">
      <Filter>Quelldateien</Filter>
    </ClCompile>
    <ClCompile Include="Arrow.cpp">
      <Filter>Quelldateien</Filter>
    </ClCompile>
    <ClCompile Include="UniformColoredModle.cpp">
      <Filter>Quelldateien</Filter>
    </ClCompile>
    <ClCompile Include="UserInput.cpp">
      <Filter>Quelldateien</Filter>
    </ClCompile>
    <ClCompile Include="PlanetePositionCalculator.cpp">
      <Filter>Quelldateien</Filter>
    </ClCompile>
    <ClCompile Include="KeplerCalculator.cpp">
      <Filter>Quelldateien</Filter>
    </ClCompile>
    <ClCompile Include="GlobalConditions.cpp">
      <Filter>Quelldateien</Filter>
    </ClCompile>
    <ClCompile Include="PlaneteTrace.cpp">
      <Filter>Quelldateien</Filter>
    </ClCompile>
    <ClCompile Include="LitColoredModle.cpp">
      <Filter>Quelldateien</Filter>
    </ClCompile>
    <ClCompile Include="ReferenceFrame.cpp">
      <Filter>Quelldateien</Filter>
    </ClCompile>
    <ClCompile Include="CordSystem.cpp">
      <Filter>Quelldateien</Filter>
    </ClCompile>
    <ClCompile Include="ForceField.cpp">
      <Filter>Quelldateien</Filter>
    </ClCompile>
    <ClCompile Include="HistoryPlot.cpp">
      <Filter>Quelldateien</Filter>
    </ClCompile>
    <ClCompile Include="ParticleBufferShader.cpp">
      <Filter>Quelldateien</Filter>
    </ClCompile>
    <ClCompile Include="StarSphere.cpp">
      <Filter>Quelldateien</Filter>
    </ClCompile>
  </ItemGroup>
  <ItemGroup>
    <ClInclude Include="StdAfx.h">
      <Filter>Headerdateien</Filter>
    </ClInclude>
    <ClInclude Include="Renderer.h">
      <Filter>Headerdateien</Filter>
    </ClInclude>
    <ClInclude Include="globals.h">
      <Filter>Headerdateien</Filter>
    </ClInclude>
    <ClInclude Include="LinearMath\LinearMath.h">
      <Filter>Headerdateien</Filter>
    </ClInclude>
    <ClInclude Include="LinearMath\mat.h">
      <Filter>Headerdateien</Filter>
    </ClInclude>
    <ClInclude Include="LinearMath\vec.h">
      <Filter>Headerdateien</Filter>
    </ClInclude>
    <ClInclude Include="shaders\LoadShaderProg.h">
      <Filter>Headerdateien</Filter>
    </ClInclude>
    <ClInclude Include="Camera.h">
      <Filter>Headerdateien</Filter>
    </ClInclude>
    <ClInclude Include="GameShaderProg.h">
      <Filter>Headerdateien</Filter>
    </ClInclude>
    <ClInclude Include="Terain.h">
      <Filter>Headerdateien</Filter>
    </ClInclude>
    <ClInclude Include="Loader.h">
      <Filter>Headerdateien</Filter>
    </ClInclude>
    <ClInclude Include="Modle.h">
      <Filter>Headerdateien</Filter>
    </ClInclude>
    <ClInclude Include="ColoredModle.h">
      <Filter>Headerdateien</Filter>
    </ClInclude>
    <ClInclude Include="Plain.h">
      <Filter>Headerdateien</Filter>
    </ClInclude>
    <ClInclude Include="Planet.h">
      <Filter>Headerdateien</Filter>
    </ClInclude>
    <ClInclude Include="Sphere.h">
      <Filter>Headerdateien</Filter>
    </ClInclude>
    <ClInclude Include="PlaneteBuffer.h">
      <Filter>Headerdateien</Filter>
    </ClInclude>
    <ClInclude Include="UniformColorShaderProg.h">
      <Filter>Headerdateien</Filter>
    </ClInclude>
    <ClInclude Include="Arrow.h">
      <Filter>Headerdateien</Filter>
    </ClInclude>
    <ClInclude Include="LinearBars.h">
      <Filter>Headerdateien</Filter>
    </ClInclude>
    <ClInclude Include="txt.h">
      <Filter>Headerdateien</Filter>
    </ClInclude>
    <ClInclude Include="Texture.h">
      <Filter>Headerdateien</Filter>
    </ClInclude>
    <ClInclude Include="TexturedModle.h">
      <Filter>Headerdateien</Filter>
    </ClInclude>
    <ClInclude Include="RotatableCamera.h">
      <Filter>Headerdateien</Filter>
    </ClInclude>
    <ClInclude Include="FrameBufferQuad.h">
      <Filter>Headerdateien</Filter>
    </ClInclude>
    <ClInclude Include="TexturedQuad.h">
      <Filter>Headerdateien</Filter>
    </ClInclude>
    <ClInclude Include="FrameBuffer.h">
      <Filter>Headerdateien</Filter>
    </ClInclude>
    <ClInclude Include="OnPlaneteCamera.h">
      <Filter>Headerdateien</Filter>
    </ClInclude>
    <ClInclude Include="UniformColoredModle.h">
      <Filter>Headerdateien</Filter>
    </ClInclude>
    <ClInclude Include="UserInput.h">
      <Filter>Headerdateien</Filter>
    </ClInclude>
    <ClInclude Include="PlanetePositionCalculator.h">
      <Filter>Headerdateien</Filter>
    </ClInclude>
    <ClInclude Include="KeplerCalculator.h">
      <Filter>Headerdateien</Filter>
    </ClInclude>
    <ClInclude Include="GlobalConditions.h">
      <Filter>Headerdateien</Filter>
    </ClInclude>
    <ClInclude Include="PlaneteTrace.h">
      <Filter>Headerdateien</Filter>
    </ClInclude>
    <ClInclude Include="LitColoredModle.h">
      <Filter>Headerdateien</Filter>
    </ClInclude>
    <ClInclude Include="ReferenceFrame.h">
      <Filter>Headerdateien</Filter>
    </ClInclude>
    <ClInclude Include="CordSystem.h">
      <Filter>Headerdateien</Filter>
    </ClInclude>
    <ClInclude Include="ForceField.h">
      <Filter>Headerdateien</Filter>
    </ClInclude>
    <ClInclude Include="HistoryPlot.h">
      <Filter>Headerdateien</Filter>
    </ClInclude>
    <ClInclude Include="ParticleBufferShader.h">
      <Filter>Headerdateien</Filter>
    </ClInclude>
    <ClInclude Include="StarSphere.h">
      <Filter>Headerdateien</Filter>
    </ClInclude>
  </ItemGroup>
  <ItemGroup>
    <None Include="shaders\LitColoredModle.fragment" />
    <None Include="shaders\LitColoredModle.vertex" />
  </ItemGroup>
</Project>